
Microsoft Visual Studio Solution File, Format Version 12.00
# Visual Studio Version 17
VisualStudioVersion = 17.14.36212.18 d17.14
MinimumVisualStudioVersion = 10.0.40219.1
Project("{FAE04EC0-301F-11D3-BF4B-00C04F79EFBC}") = "VaultCrypt", "VaultCrypt.csproj", "{8EAC3DE5-6A68-4DA3-BCC2-02BA303CB9F9}"
EndProject
Global
	GlobalSection(SolutionConfigurationPlatforms) = preSolution
		Debug|Any CPU = Debug|Any CPU
		Release|Any CPU = Release|Any CPU
	EndGlobalSection
	GlobalSection(ProjectConfigurationPlatforms) = postSolution
		{8EAC3DE5-6A68-4DA3-BCC2-02BA303CB9F9}.Debug|Any CPU.ActiveCfg = Debug|Any CPU
		{8EAC3DE5-6A68-4DA3-BCC2-02BA303CB9F9}.Debug|Any CPU.Build.0 = Debug|Any CPU
		{8EAC3DE5-6A68-4DA3-BCC2-02BA303CB9F9}.Release|Any CPU.ActiveCfg = Release|Any CPU
		{8EAC3DE5-6A68-4DA3-BCC2-02BA303CB9F9}.Release|Any CPU.Build.0 = Release|Any CPU
	EndGlobalSection
	GlobalSection(SolutionProperties) = preSolution
		HideSolutionNode = FALSE
	EndGlobalSection
	GlobalSection(ExtensibilityGlobals) = postSolution
		SolutionGuid = {6E03AEBA-2CE2-4813-A552-182076C0FF6F}
	EndGlobalSection
EndGlobal
